# THIS IS AN AUTOGENERATED FILE. DO NOT EDIT THIS FILE DIRECTLY.
# yarn lockfile v1


"@babel/runtime@^7.15.4", "@babel/runtime@^7.9.2":
  "integrity" "sha512-hzeyJyMA1YGdJTuWU0e/j4wKXrU4OMFvY2MSlaI9B7VQb0r5cxTE3EAIS2Q7Tn2RIcDkRvTA/v2JsAEhxe99uw=="
  "resolved" "https://registry.npmjs.org/@babel/runtime/-/runtime-7.17.2.tgz"
  "version" "7.17.2"
  dependencies:
    "regenerator-runtime" "^0.13.4"

"@chakra-ui/color-mode@1.4.3":
  "integrity" "sha512-2EFwsYZg3/wMH8DWtQic766N6gfw4Z/I8v57fmSSvkPV8k72pUdDn5ZjtnGhXU5R08aWl7w4exPo31ikLYlD6w=="
  "resolved" "https://registry.npmjs.org/@chakra-ui/color-mode/-/color-mode-1.4.3.tgz"
  "version" "1.4.3"
  dependencies:
    "@chakra-ui/hooks" "1.8.2"
    "@chakra-ui/react-env" "1.1.4"
    "@chakra-ui/utils" "1.10.2"

"@chakra-ui/hooks@1.8.2":
  "integrity" "sha512-rmWfXTh7Ku0sg4bPaR9E5a53N4dzcgrdMt5lDVeaxjLUm2faE0U8LcG8yJgpxNOMKDmaKat8Nrj6H5DBYhVB+A=="
  "resolved" "https://registry.npmjs.org/@chakra-ui/hooks/-/hooks-1.8.2.tgz"
  "version" "1.8.2"
  dependencies:
    "@chakra-ui/react-utils" "1.2.2"
    "@chakra-ui/utils" "1.10.2"
    "compute-scroll-into-view" "1.0.14"
    "copy-to-clipboard" "3.3.1"

"@chakra-ui/react-env@1.1.4":
  "integrity" "sha512-T3ABET1UUP8PAdE7rF6rc2Luo0xb539taFR7kES+MPK5Bmbu/mL55cj+xEKa2LSNKuzAVnvtmgWFZoX3V+PXsQ=="
  "resolved" "https://registry.npmjs.org/@chakra-ui/react-env/-/react-env-1.1.4.tgz"
  "version" "1.1.4"
  dependencies:
    "@chakra-ui/utils" "1.10.2"

"@chakra-ui/react-utils@1.2.2":
  "integrity" "sha512-vdVtwEooRPVmB60+B9FEJNc+L4+DO6llA9qTk8ZFq7ocXLGagl+V5mFKJPLMzmTCafq6j5pNjoAF4A7bbh4U4Q=="
  "resolved" "https://registry.npmjs.org/@chakra-ui/react-utils/-/react-utils-1.2.2.tgz"
  "version" "1.2.2"
  dependencies:
    "@chakra-ui/utils" "^1.10.2"

"@chakra-ui/styled-system@1.17.2":
  "integrity" "sha512-isRmQZ41YULv5ANM/+JnLLpLYM7/V35hnGBZzC6y8n2duWtvG4ubrY60SBrFvphI2IKSk4kg9uM83Wf+M/eV4A=="
  "resolved" "https://registry.npmjs.org/@chakra-ui/styled-system/-/styled-system-1.17.2.tgz"
  "version" "1.17.2"
  dependencies:
    "@chakra-ui/utils" "1.10.2"
    "csstype" "^3.0.9"

"@chakra-ui/system@^1.10.3":
  "integrity" "sha512-am/0EvK+F+kiZ99ulhUfaYYADlP1wI4Zw8IWrsaliSfqSB3qgKahNC/U2A0nWG9T7wwLHVGO/ehCNfAKP1aK2g=="
  "resolved" "https://registry.npmjs.org/@chakra-ui/system/-/system-1.10.3.tgz"
  "version" "1.10.3"
  dependencies:
    "@chakra-ui/color-mode" "1.4.3"
    "@chakra-ui/react-utils" "1.2.2"
    "@chakra-ui/styled-system" "1.17.2"
    "@chakra-ui/utils" "1.10.2"
    "react-fast-compare" "3.2.0"

"@chakra-ui/utils@^1.10.2", "@chakra-ui/utils@1.10.2":
  "integrity" "sha512-V4nGBkebZpz6P7AgbZBiXi2Pn3RNSuzR1A6VsQCzAvxYU2+csqZGLqmC07pvCSACNB75sT1en+Xd3XT0QKr0sA=="
  "resolved" "https://registry.npmjs.org/@chakra-ui/utils/-/utils-1.10.2.tgz"
  "version" "1.10.2"
  dependencies:
    "@types/lodash.mergewith" "4.6.6"
    "css-box-model" "1.2.1"
    "framesync" "5.3.0"
    "lodash.mergewith" "4.6.2"

"@reduxjs/toolkit@^1.7.2":
  "integrity" "sha512-wwr3//Ar8ZhM9bS58O+HCIaMlR4Y6SNHfuszz9hKnQuFIKvwaL3Kmjo6fpDKUOjo4Lv54Yi299ed8rofCJ/Vjw=="
  "resolved" "https://registry.npmjs.org/@reduxjs/toolkit/-/toolkit-1.7.2.tgz"
  "version" "1.7.2"
  dependencies:
    "immer" "^9.0.7"
    "redux" "^4.1.2"
    "redux-thunk" "^2.4.1"
    "reselect" "^4.1.5"

"@types/hoist-non-react-statics@^3.3.0":
  "integrity" "sha512-iMIqiko6ooLrTh1joXodJK5X9xeEALT1kM5G3ZLhD3hszxBdIEd5C75U834D9mLcINgD4OyZf5uQXjkuYydWvA=="
  "resolved" "https://registry.npmjs.org/@types/hoist-non-react-statics/-/hoist-non-react-statics-3.3.1.tgz"
  "version" "3.3.1"
  dependencies:
    "@types/react" "*"
    "hoist-non-react-statics" "^3.3.0"

"@types/lodash.mergewith@4.6.6":
  "integrity" "sha512-RY/8IaVENjG19rxTZu9Nukqh0W2UrYgmBj5sdns4hWRZaV8PqR7wIKHFKzvOTjo4zVRV7sVI+yFhAJql12Kfqg=="
  "resolved" "https://registry.npmjs.org/@types/lodash.mergewith/-/lodash.mergewith-4.6.6.tgz"
  "version" "4.6.6"
  dependencies:
    "@types/lodash" "*"

"@types/lodash@*":
  "integrity" "sha512-0d5Wd09ItQWH1qFbEyQ7oTQ3GZrMfth5JkbN3EvTKLXcHLRDSXeLnlvlOn0wvxVIwK5o2M8JzP/OWz7T3NRsbw=="
  "resolved" "https://registry.npmjs.org/@types/lodash/-/lodash-4.14.178.tgz"
  "version" "4.14.178"

"@types/prop-types@*":
  "integrity" "sha512-rZ5drC/jWjrArrS8BR6SIr4cWpW09RNTYt9AMZo3Jwwif+iacXAqgVjm0B0Bv/S1jhDXKHqRVNCbACkJ89RAnQ=="
  "resolved" "https://registry.npmjs.org/@types/prop-types/-/prop-types-15.7.4.tgz"
  "version" "15.7.4"

"@types/react-redux@^7.1.20":
  "integrity" "sha512-GxIA1kM7ClU73I6wg9IRTVwSO9GS+SAKZKe0Enj+82HMU6aoESFU2HNAdNi3+J53IaOHPiUfT3kSG4L828joDQ=="
  "resolved" "https://registry.npmjs.org/@types/react-redux/-/react-redux-7.1.22.tgz"
  "version" "7.1.22"
  dependencies:
    "@types/hoist-non-react-statics" "^3.3.0"
    "@types/react" "*"
    "hoist-non-react-statics" "^3.3.0"
    "redux" "^4.0.0"

"@types/react@*":
  "integrity" "sha512-UVavlfAxDd/AgAacMa60Azl7ygyQNRwC/DsHZmKgNvPmRR5p70AJ5Q9EAmL2NWOJmeV+vVUI4IAP7GZrN8h8Ug=="
  "resolved" "https://registry.npmjs.org/@types/react/-/react-17.0.39.tgz"
  "version" "17.0.39"
  dependencies:
    "@types/prop-types" "*"
    "@types/scheduler" "*"
    "csstype" "^3.0.2"

"@types/scheduler@*":
  "integrity" "sha512-hppQEBDmlwhFAXKJX2KnWLYu5yMfi91yazPb2l+lbJiwW+wdo1gNeRA+3RgNSO39WYX2euey41KEwnqesU2Jew=="
  "resolved" "https://registry.npmjs.org/@types/scheduler/-/scheduler-0.16.2.tgz"
  "version" "0.16.2"

"compute-scroll-into-view@1.0.14":
  "integrity" "sha512-mKDjINe3tc6hGelUMNDzuhorIUZ7kS7BwyY0r2wQd2HOH2tRuJykiC06iSEX8y1TuhNzvz4GcJnK16mM2J1NMQ=="
  "resolved" "https://registry.npmjs.org/compute-scroll-into-view/-/compute-scroll-into-view-1.0.14.tgz"
  "version" "1.0.14"

"copy-to-clipboard@3.3.1":
  "integrity" "sha512-i13qo6kIHTTpCm8/Wup+0b1mVWETvu2kIMzKoK8FpkLkFxlt0znUAHcMzox+T8sPlqtZXq3CulEjQHsYiGFJUw=="
  "resolved" "https://registry.npmjs.org/copy-to-clipboard/-/copy-to-clipboard-3.3.1.tgz"
  "version" "3.3.1"
  dependencies:
    "toggle-selection" "^1.0.6"

"css-box-model@1.2.1":
  "integrity" "sha512-a7Vr4Q/kd/aw96bnJG332W9V9LkJO69JRcaCYDUqjp6/z0w6VcZjgAcTbgFxEPfBgdnAwlh3iwu+hLopa+flJw=="
  "resolved" "https://registry.npmjs.org/css-box-model/-/css-box-model-1.2.1.tgz"
  "version" "1.2.1"
  dependencies:
    "tiny-invariant" "^1.0.6"

"csstype@^3.0.2", "csstype@^3.0.9":
  "integrity" "sha512-2u44ZG2OcNUO9HDp/Jl8C07x6pU/eTR3ncV91SiK3dhG9TWvRVsCoJw14Ckx5DgWkzGA3waZWO3d7pgqpUI/XA=="
  "resolved" "https://registry.npmjs.org/csstype/-/csstype-3.0.10.tgz"
  "version" "3.0.10"

"framesync@5.3.0":
  "integrity" "sha512-oc5m68HDO/tuK2blj7ZcdEBRx3p1PjrgHazL8GYEpvULhrtGIFbQArN6cQS2QhW8mitffaB+VYzMjDqBxxQeoA=="
  "resolved" "https://registry.npmjs.org/framesync/-/framesync-5.3.0.tgz"
  "version" "5.3.0"
  dependencies:
    "tslib" "^2.1.0"

"hoist-non-react-statics@^3.3.0", "hoist-non-react-statics@^3.3.2":
  "integrity" "sha512-/gGivxi8JPKWNm/W0jSmzcMPpfpPLc3dY/6GxhX2hQ9iGj3aDfklV4ET7NjKpSinLpJ5vafa9iiGIEZg10SfBw=="
  "resolved" "https://registry.npmjs.org/hoist-non-react-statics/-/hoist-non-react-statics-3.3.2.tgz"
  "version" "3.3.2"
  dependencies:
    "react-is" "^16.7.0"

"immer@^9.0.7":
  "integrity" "sha512-lk7UNmSbAukB5B6dh9fnh5D0bJTOFKxVg2cyJWTYrWRfhLrLMBquONcUs3aFq507hNoIZEDDh8lb8UtOizSMhA=="
  "resolved" "https://registry.npmjs.org/immer/-/immer-9.0.12.tgz"
  "version" "9.0.12"

"js-tokens@^3.0.0 || ^4.0.0":
  "integrity" "sha512-RdJUflcE3cUzKiMqQgsCu06FPu9UdIJO0beYbPhHN4k6apgJtifcoCtT9bcxOpYBtpD2kCM6Sbzg4CausW/PKQ=="
  "resolved" "https://registry.npmjs.org/js-tokens/-/js-tokens-4.0.0.tgz"
  "version" "4.0.0"

"lodash.mergewith@4.6.2":
  "integrity" "sha512-GK3g5RPZWTRSeLSpgP8Xhra+pnjBC56q9FZYe1d5RN3TJ35dbkGy3YqBSMbyCrlbi+CM9Z3Jk5yTL7RCsqboyQ=="
  "resolved" "https://registry.npmjs.org/lodash.mergewith/-/lodash.mergewith-4.6.2.tgz"
  "version" "4.6.2"

"loose-envify@^1.1.0", "loose-envify@^1.4.0":
  "integrity" "sha512-lyuxPGr/Wfhrlem2CL/UcnUc1zcqKAImBDzukY7Y5F/yQiNdko6+fRLevlw1HgMySw7f611UIY408EtxRSoK3Q=="
  "resolved" "https://registry.npmjs.org/loose-envify/-/loose-envify-1.4.0.tgz"
  "version" "1.4.0"
  dependencies:
    "js-tokens" "^3.0.0 || ^4.0.0"

"object-assign@^4.1.1":
  "integrity" "sha1-IQmtx5ZYh8/AXLvUQsrIv7s2CGM="
  "resolved" "https://registry.npmjs.org/object-assign/-/object-assign-4.1.1.tgz"
  "version" "4.1.1"

"prop-types@^15.7.2":
  "integrity" "sha512-oj87CgZICdulUohogVAR7AjlC0327U4el4L6eAvOqCeudMDVU0NThNaV+b9Df4dXgSP1gXMTnPdhfe/2qDH5cg=="
  "resolved" "https://registry.npmjs.org/prop-types/-/prop-types-15.8.1.tgz"
  "version" "15.8.1"
  dependencies:
    "loose-envify" "^1.4.0"
    "object-assign" "^4.1.1"
    "react-is" "^16.13.1"

"react-fast-compare@3.2.0":
  "integrity" "sha512-rtGImPZ0YyLrscKI9xTpV8psd6I8VAtjKCzQDlzyDvqJA8XOW78TXYQwNRNd8g8JZnDu8q9Fu/1v4HPAVwVdHA=="
  "resolved" "https://registry.npmjs.org/react-fast-compare/-/react-fast-compare-3.2.0.tgz"
  "version" "3.2.0"

"react-is@^16.13.1":
  "integrity" "sha512-24e6ynE2H+OKt4kqsOvNd8kBpV65zoxbA4BVsEOB3ARVWQki/DHzaUoC5KuON/BiccDaCCTZBuOcfZs70kR8bQ=="
  "resolved" "https://registry.npmjs.org/react-is/-/react-is-16.13.1.tgz"
  "version" "16.13.1"

"react-is@^16.7.0":
  "integrity" "sha512-24e6ynE2H+OKt4kqsOvNd8kBpV65zoxbA4BVsEOB3ARVWQki/DHzaUoC5KuON/BiccDaCCTZBuOcfZs70kR8bQ=="
  "resolved" "https://registry.npmjs.org/react-is/-/react-is-16.13.1.tgz"
  "version" "16.13.1"

"react-is@^17.0.2":
  "integrity" "sha512-w2GsyukL62IJnlaff/nRegPQR94C/XXamvMWmSHRJ4y7Ts/4ocGRmTHvOs8PSE6pB3dWOrD/nueuU5sduBsQ4w=="
  "resolved" "https://registry.npmjs.org/react-is/-/react-is-17.0.2.tgz"
  "version" "17.0.2"

"react-redux@^7.2.1 || ^8.0.0-beta", "react-redux@^7.2.6":
  "integrity" "sha512-10RPdsz0UUrRL1NZE0ejTkucnclYSgXp5q+tB5SWx2qeG2ZJQJyymgAhwKy73yiL/13btfB6fPr+rgbMAaZIAQ=="
  "resolved" "https://registry.npmjs.org/react-redux/-/react-redux-7.2.6.tgz"
  "version" "7.2.6"
  dependencies:
    "@babel/runtime" "^7.15.4"
    "@types/react-redux" "^7.1.20"
    "hoist-non-react-statics" "^3.3.2"
    "loose-envify" "^1.4.0"
    "prop-types" "^15.7.2"
    "react-is" "^17.0.2"

"react@^16.8.3 || ^17", "react@^16.9.0 || ^17.0.0 || 18.0.0-beta", "react@>=16.8.6":
  "integrity" "sha512-gnhPt75i/dq/z3/6q/0asP78D0u592D5L1pd7M8P+dck6Fu/jJeL6iVVK23fptSUZj8Vjf++7wXA8UNclGQcbA=="
  "resolved" "https://registry.npmjs.org/react/-/react-17.0.2.tgz"
  "version" "17.0.2"
  dependencies:
    "loose-envify" "^1.1.0"
    "object-assign" "^4.1.1"

"redux-thunk@^2.4.1":
  "integrity" "sha512-OOYGNY5Jy2TWvTL1KgAlVy6dcx3siPJ1wTq741EPyUKfn6W6nChdICjZwCd0p8AZBs5kWpZlbkXW2nE/zjUa+Q=="
  "resolved" "https://registry.npmjs.org/redux-thunk/-/redux-thunk-2.4.1.tgz"
  "version" "2.4.1"

"redux@^4", "redux@^4.0.0", "redux@^4.1.2":
  "integrity" "sha512-SH8PglcebESbd/shgf6mii6EIoRM0zrQyjcuQ+ojmfxjTtE0z9Y8pa62iA/OJ58qjP6j27uyW4kUF4jl/jd6sw=="
  "resolved" "https://registry.npmjs.org/redux/-/redux-4.1.2.tgz"
  "version" "4.1.2"
  dependencies:
    "@babel/runtime" "^7.9.2"

"regenerator-runtime@^0.13.4":
  "integrity" "sha512-p3VT+cOEgxFsRRA9X4lkI1E+k2/CtnKtU4gcxyaCUreilL/vqI6CdZ3wxVUx3UOUg+gnUOQQcRI7BmSI656MYA=="
  "resolved" "https://registry.npmjs.org/regenerator-runtime/-/regenerator-runtime-0.13.9.tgz"
  "version" "0.13.9"

"reselect@^4.1.5":
  "integrity" "sha512-uVdlz8J7OO+ASpBYoz1Zypgx0KasCY20H+N8JD13oUMtPvSHQuscrHop4KbXrbsBcdB9Ds7lVK7eRkBIfO43vQ=="
  "resolved" "https://registry.npmjs.org/reselect/-/reselect-4.1.5.tgz"
  "version" "4.1.5"

"tiny-invariant@^1.0.6":
  "integrity" "sha512-1Uhn/aqw5C6RI4KejVeTg6mIS7IqxnLJ8Mv2tV5rTc0qWobay7pDUz6Wi392Cnc8ak1H0F2cjoRzb2/AW4+Fvg=="
  "resolved" "https://registry.npmjs.org/tiny-invariant/-/tiny-invariant-1.2.0.tgz"
  "version" "1.2.0"

"toggle-selection@^1.0.6":
  "integrity" "sha1-bkWxJj8gF/oKzH2J14sVuL932jI="
  "resolved" "https://registry.npmjs.org/toggle-selection/-/toggle-selection-1.0.6.tgz"
  "version" "1.0.6"

"tslib@^2.1.0":
  "integrity" "sha512-77EbyPPpMz+FRFRuAFlWMtmgUWGe9UOG2Z25NqCwiIjRhOf5iKGuzSe5P2w1laq+FkRy4p+PCuVkJSGkzTEKVw=="
  "resolved" "https://registry.npmjs.org/tslib/-/tslib-2.3.1.tgz"
  "version" "2.3.1"
